
Microsoft Visual Studio Solution File, Format Version 12.00
# Visual Studio Version 17
VisualStudioVersion = 17.5.33530.505
MinimumVisualStudioVersion = 10.0.40219.1
Project("{FAE04EC0-301F-11D3-BF4B-00C04F79EFBC}") = "UpdateNeighborAppartementsPlugin", "UpdateNeighborAppartementsPlugin\UpdateNeighborAppartementsPlugin.csproj", "{185FC8C0-098F-4484-9598-51E4B7FC8287}"
EndProject
Project("{FAE04EC0-301F-11D3-BF4B-00C04F79EFBC}") = "UpdateNeighborAppartementsPlugin.Tests", "UpdateNeighborAppartementsPlugin.Tests\UpdateNeighborAppartementsPlugin.Tests.csproj", "{17A676F1-C478-4FD0-BEC3-8983087D1C36}"
EndProject
Global
	GlobalSection(SolutionConfigurationPlatforms) = preSolution
		Debug|Any CPU = Debug|Any CPU
		Release|Any CPU = Release|Any CPU
	EndGlobalSection
	GlobalSection(ProjectConfigurationPlatforms) = postSolution
		{185FC8C0-098F-4484-9598-51E4B7FC8287}.Debug|Any CPU.ActiveCfg = Debug|Any CPU
		{185FC8C0-098F-4484-9598-51E4B7FC8287}.Debug|Any CPU.Build.0 = Debug|Any CPU
		{185FC8C0-098F-4484-9598-51E4B7FC8287}.Release|Any CPU.ActiveCfg = Release|Any CPU
		{185FC8C0-098F-4484-9598-51E4B7FC8287}.Release|Any CPU.Build.0 = Release|Any CPU
		{17A676F1-C478-4FD0-BEC3-8983087D1C36}.Debug|Any CPU.ActiveCfg = Debug|Any CPU
		{17A676F1-C478-4FD0-BEC3-8983087D1C36}.Debug|Any CPU.Build.0 = Debug|Any CPU
		{17A676F1-C478-4FD0-BEC3-8983087D1C36}.Release|Any CPU.ActiveCfg = Release|Any CPU
		{17A676F1-C478-4FD0-BEC3-8983087D1C36}.Release|Any CPU.Build.0 = Release|Any CPU
	EndGlobalSection
	GlobalSection(SolutionProperties) = preSolution
		HideSolutionNode = FALSE
	EndGlobalSection
	GlobalSection(ExtensibilityGlobals) = postSolution
		SolutionGuid = {5A356A63-4F44-4999-9BF5-5E273AFFEAD8}
	EndGlobalSection
EndGlobal
